<?xml version="1.0" encoding="utf-8"?>
<Project ToolsVersion="4.0" xmlns="http://schemas.microsoft.com/developer/msbuild/2003">
  <ItemGroup>
    <Filter Include="Source Files">
      <UniqueIdentifier>{4FC737F1-C7A5-4376-A066-2A32D752A2FF}</UniqueIdentifier>
      <Extensions>cpp;c;cc;cxx;c++;cppm;ixx;def;odl;idl;hpj;bat;asm;asmx</Extensions>
    </Filter>
    <Filter Include="Header Files">
      <UniqueIdentifier>{93995380-89BD-4b04-88EB-625FBE52EBFB}</UniqueIdentifier>
      <Extensions>h;hh;hpp;hxx;h++;hm;inl;inc;ipp;xsd</Extensions>
    </Filter>
    <Filter Include="Resource Files">
      <UniqueIdentifier>{67DA6AB6-F800-4c08-8B7A-83BB121AAD01}</UniqueIdentifier>
      <Extensions>rc;ico;cur;bmp;dlg;rc2;rct;bin;rgs;gif;jpg;jpeg;jpe;resx;tiff;tif;png;wav;mfcribbon-ms</Extensions>
    </Filter>
  </ItemGroup>
  <ItemGroup>
    <ClCompile Include="4coder_scewps.cpp">
      <Filter>Source Files</Filter>
    </ClCompile>
    <ClCompile Include="languages\4coder_lang_cpp.cpp">
      <Filter>Source Files</Filter>
    </ClCompile>
    <ClCompile Include="languages\4coder_lang_jai.cpp">
      <Filter>Source Files</Filter>
    </ClCompile>
    <ClCompile Include="languages\4coder_lang_metadesk.cpp">
      <Filter>Source Files</Filter>
    </ClCompile>
    <ClCompile Include="languages\4coder_jai_lexer_gen.cpp">
      <Filter>Source Files</Filter>
    </ClCompile>
    <ClCompile Include="languages\4coder_lang_snek.cpp">
      <Filter>Source Files</Filter>
    </ClCompile>
    <ClCompile Include="languages\4coder_snek_lexer_gen.cpp">
      <Filter>Source Files</Filter>
    </ClCompile>
    <ClCompile Include="4coder_fleury_colors.cpp">
      <Filter>Source Files</Filter>
    </ClCompile>
    <ClCompile Include="4coder_fleury_index.cpp">
      <Filter>Source Files</Filter>
    </ClCompile>
    <ClCompile Include="4coder_fleury_lang.cpp">
      <Filter>Source Files</Filter>
    </ClCompile>
    <ClCompile Include="4coder_fleury_ubiquitous.cpp">
      <Filter>Source Files</Filter>
    </ClCompile>
    <ClCompile Include="4coder_scewps_commands.cpp">
      <Filter>Source Files</Filter>
    </ClCompile>
    <ClCompile Include="4coder_scewps_config.cpp">
      <Filter>Source Files</Filter>
    </ClCompile>
    <ClCompile Include="4coder_scewps_draw.cpp">
      <Filter>Source Files</Filter>
    </ClCompile>
    <ClCompile Include="4coder_scewps_hooks.cpp">
      <Filter>Source Files</Filter>
    </ClCompile>
    <ClCompile Include="4coder_scewps_include.cpp">
      <Filter>Source Files</Filter>
    </ClCompile>
    <ClCompile Include="4coder_scewps_lister.cpp">
      <Filter>Source Files</Filter>
    </ClCompile>
    <ClCompile Include="4coder_scewps_theme.cpp">
      <Filter>Source Files</Filter>
    </ClCompile>
    <ClCompile Include="languages\4coder_config_4coder_lexer_gen.cpp">
      <Filter>Source Files</Filter>
    </ClCompile>
    <ClCompile Include="languages\4coder_lang_config_4coder.cpp">
      <Filter>Source Files</Filter>
    </ClCompile>
    <ClCompile Include="4coder_scewps_completion.cpp">
      <Filter>Source Files</Filter>
    </ClCompile>
    <ClCompile Include="4coder_scewps_base_commands.cpp">
      <Filter>Source Files</Filter>
    </ClCompile>
    <ClCompile Include="4coder_scewps_lists.cpp">
      <Filter>Source Files</Filter>
    </ClCompile>
    <ClCompile Include="4coder_scewps_search.cpp">
      <Filter>Source Files</Filter>
    </ClCompile>
    <ClCompile Include="4coder_scewps_default_framework.cpp">
      <Filter>Source Files</Filter>
    </ClCompile>
  </ItemGroup>
  <ItemGroup>
    <ClInclude Include="4coder_fleury_colors.h">
      <Filter>Header Files</Filter>
    </ClInclude>
    <ClInclude Include="4coder_fleury_index.h">
      <Filter>Header Files</Filter>
    </ClInclude>
    <ClInclude Include="4coder_fleury_lang.h">
      <Filter>Header Files</Filter>
    </ClInclude>
    <ClInclude Include="4coder_fleury_lang_list.h">
      <Filter>Header Files</Filter>
    </ClInclude>
    <ClInclude Include="4coder_fleury_ubiquitous.h">
      <Filter>Header Files</Filter>
    </ClInclude>
    <ClInclude Include="4coder_scewps_include.h">
      <Filter>Header Files</Filter>
    </ClInclude>
    <ClInclude Include="4coder_scewps_lister.h">
      <Filter>Header Files</Filter>
    </ClInclude>
  </ItemGroup>
</Project>